
Microsoft Visual Studio Solution File, Format Version 12.00
# Visual Studio Version 17
VisualStudioVersion = 17.6.33801.468
MinimumVisualStudioVersion = 10.0.40219.1
Project("{FAE04EC0-301F-11D3-BF4B-00C04F79EFBC}") = "API", "API\API.csproj", "{67C0C204-87B2-4931-90C7-AFFF0E927CFF}"
EndProject
Project("{9A19103F-16F7-4668-BE54-9A1E7A4F7556}") = "Domain", "Domain\Domain.csproj", "{77F6D2FF-2B6F-470F-BAB9-4E197901DCAC}"
EndProject
Project("{9A19103F-16F7-4668-BE54-9A1E7A4F7556}") = "Infrastructure", "Infrastructure\Infrastructure.csproj", "{D5700969-8F52-4A67-94B3-FA775B2A14F6}"
EndProject
Global
	GlobalSection(SolutionConfigurationPlatforms) = preSolution
		Debug|Any CPU = Debug|Any CPU
		Release|Any CPU = Release|Any CPU
	EndGlobalSection
	GlobalSection(ProjectConfigurationPlatforms) = postSolution
		{67C0C204-87B2-4931-90C7-AFFF0E927CFF}.Debug|Any CPU.ActiveCfg = Debug|Any CPU
		{67C0C204-87B2-4931-90C7-AFFF0E927CFF}.Debug|Any CPU.Build.0 = Debug|Any CPU
		{67C0C204-87B2-4931-90C7-AFFF0E927CFF}.Release|Any CPU.ActiveCfg = Release|Any CPU
		{67C0C204-87B2-4931-90C7-AFFF0E927CFF}.Release|Any CPU.Build.0 = Release|Any CPU
		{77F6D2FF-2B6F-470F-BAB9-4E197901DCAC}.Debug|Any CPU.ActiveCfg = Debug|Any CPU
		{77F6D2FF-2B6F-470F-BAB9-4E197901DCAC}.Debug|Any CPU.Build.0 = Debug|Any CPU
		{77F6D2FF-2B6F-470F-BAB9-4E197901DCAC}.Release|Any CPU.ActiveCfg = Release|Any CPU
		{77F6D2FF-2B6F-470F-BAB9-4E197901DCAC}.Release|Any CPU.Build.0 = Release|Any CPU
		{D5700969-8F52-4A67-94B3-FA775B2A14F6}.Debug|Any CPU.ActiveCfg = Debug|Any CPU
		{D5700969-8F52-4A67-94B3-FA775B2A14F6}.Debug|Any CPU.Build.0 = Debug|Any CPU
		{D5700969-8F52-4A67-94B3-FA775B2A14F6}.Release|Any CPU.ActiveCfg = Release|Any CPU
		{D5700969-8F52-4A67-94B3-FA775B2A14F6}.Release|Any CPU.Build.0 = Release|Any CPU
	EndGlobalSection
	GlobalSection(SolutionProperties) = preSolution
		HideSolutionNode = FALSE
	EndGlobalSection
	GlobalSection(ExtensibilityGlobals) = postSolution
		SolutionGuid = {64A43EB0-18B4-45B7-A40E-2634AD0008E7}
	EndGlobalSection
EndGlobal
